
Microsoft Visual Studio Solution File, Format Version 12.00
# Visual Studio Version 17
VisualStudioVersion = 17.9.34622.214
MinimumVisualStudioVersion = 10.0.40219.1
Project("{9A19103F-16F7-4668-BE54-9A1E7A4F7556}") = "METEO", "METEO\METEO.csproj", "{871FBDAF-66D8-4728-B689-57412B0FD7CE}"
EndProject
Global
	GlobalSection(SolutionConfigurationPlatforms) = preSolution
		Debug|Any CPU = Debug|Any CPU
		Release|Any CPU = Release|Any CPU
	EndGlobalSection
	GlobalSection(ProjectConfigurationPlatforms) = postSolution
		{871FBDAF-66D8-4728-B689-57412B0FD7CE}.Debug|Any CPU.ActiveCfg = Debug|Any CPU
		{871FBDAF-66D8-4728-B689-57412B0FD7CE}.Debug|Any CPU.Build.0 = Debug|Any CPU
		{871FBDAF-66D8-4728-B689-57412B0FD7CE}.Release|Any CPU.ActiveCfg = Release|Any CPU
		{871FBDAF-66D8-4728-B689-57412B0FD7CE}.Release|Any CPU.Build.0 = Release|Any CPU
	EndGlobalSection
	GlobalSection(SolutionProperties) = preSolution
		HideSolutionNode = FALSE
	EndGlobalSection
	GlobalSection(ExtensibilityGlobals) = postSolution
		SolutionGuid = {477D2375-F491-49AD-8EBF-75DD8A99BD85}
	EndGlobalSection
EndGlobal
